
Microsoft Visual Studio Solution File, Format Version 12.00
# Visual Studio 15
VisualStudioVersion = 15.0.28010.2016
MinimumVisualStudioVersion = 10.0.40219.1
Project("{FAE04EC0-301F-11D3-BF4B-00C04F79EFBC}") = "BTGraph.Android", "BTGraph\BTGraph.Android\BTGraph.Android.csproj", "{F9D57AE8-6380-4D38-9277-D698C6E15764}"
EndProject
Project("{FAE04EC0-301F-11D3-BF4B-00C04F79EFBC}") = "BTGraph.iOS", "BTGraph\BTGraph.iOS\BTGraph.iOS.csproj", "{9BAB60E6-1799-443F-9D71-DE1DFCD9308F}"
EndProject
Project("{FAE04EC0-301F-11D3-BF4B-00C04F79EFBC}") = "BTGraph", "BTGraph\BTGraph\BTGraph.csproj", "{57870041-ACAB-4ADA-97EE-8909A94E8389}"
EndProject
Global
	GlobalSection(SolutionConfigurationPlatforms) = preSolution
		Ad-Hoc|Any CPU = Ad-Hoc|Any CPU
		Ad-Hoc|iPhone = Ad-Hoc|iPhone
		Ad-Hoc|iPhoneSimulator = Ad-Hoc|iPhoneSimulator
		AppStore|Any CPU = AppStore|Any CPU
		AppStore|iPhone = AppStore|iPhone
		AppStore|iPhoneSimulator = AppStore|iPhoneSimulator
		Debug|Any CPU = Debug|Any CPU
		Debug|iPhone = Debug|iPhone
		Debug|iPhoneSimulator = Debug|iPhoneSimulator
		Release|Any CPU = Release|Any CPU
		Release|iPhone = Release|iPhone
		Release|iPhoneSimulator = Release|iPhoneSimulator
	EndGlobalSection
	GlobalSection(ProjectConfigurationPlatforms) = postSolution
		{F9D57AE8-6380-4D38-9277-D698C6E15764}.Ad-Hoc|Any CPU.ActiveCfg = Release|Any CPU
		{F9D57AE8-6380-4D38-9277-D698C6E15764}.Ad-Hoc|Any CPU.Build.0 = Release|Any CPU
		{F9D57AE8-6380-4D38-9277-D698C6E15764}.Ad-Hoc|Any CPU.Deploy.0 = Release|Any CPU
		{F9D57AE8-6380-4D38-9277-D698C6E15764}.Ad-Hoc|iPhone.ActiveCfg = Release|Any CPU
		{F9D57AE8-6380-4D38-9277-D698C6E15764}.Ad-Hoc|iPhone.Build.0 = Release|Any CPU
		{F9D57AE8-6380-4D38-9277-D698C6E15764}.Ad-Hoc|iPhone.Deploy.0 = Release|Any CPU
		{F9D57AE8-6380-4D38-9277-D698C6E15764}.Ad-Hoc|iPhoneSimulator.ActiveCfg = Release|Any CPU
		{F9D57AE8-6380-4D38-9277-D698C6E15764}.Ad-Hoc|iPhoneSimulator.Build.0 = Release|Any CPU
		{F9D57AE8-6380-4D38-9277-D698C6E15764}.Ad-Hoc|iPhoneSimulator.Deploy.0 = Release|Any CPU
		{F9D57AE8-6380-4D38-9277-D698C6E15764}.AppStore|Any CPU.ActiveCfg = Release|Any CPU
		{F9D57AE8-6380-4D38-9277-D698C6E15764}.AppStore|Any CPU.Build.0 = Release|Any CPU
		{F9D57AE8-6380-4D38-9277-D698C6E15764}.AppStore|Any CPU.Deploy.0 = Release|Any CPU
		{F9D57AE8-6380-4D38-9277-D698C6E15764}.AppStore|iPhone.ActiveCfg = Release|Any CPU
		{F9D57AE8-6380-4D38-9277-D698C6E15764}.AppStore|iPhone.Build.0 = Release|Any CPU
		{F9D57AE8-6380-4D38-9277-D698C6E15764}.AppStore|iPhone.Deploy.0 = Release|Any CPU
		{F9D57AE8-6380-4D38-9277-D698C6E15764}.AppStore|iPhoneSimulator.ActiveCfg = Release|Any CPU
		{F9D57AE8-6380-4D38-9277-D698C6E15764}.AppStore|iPhoneSimulator.Build.0 = Release|Any CPU
		{F9D57AE8-6380-4D38-9277-D698C6E15764}.AppStore|iPhoneSimulator.Deploy.0 = Release|Any CPU
		{F9D57AE8-6380-4D38-9277-D698C6E15764}.Debug|Any CPU.ActiveCfg = Debug|Any CPU
		{F9D57AE8-6380-4D38-9277-D698C6E15764}.Debug|Any CPU.Build.0 = Debug|Any CPU
		{F9D57AE8-6380-4D38-9277-D698C6E15764}.Debug|Any CPU.Deploy.0 = Debug|Any CPU
		{F9D57AE8-6380-4D38-9277-D698C6E15764}.Debug|iPhone.ActiveCfg = Debug|Any CPU
		{F9D57AE8-6380-4D38-9277-D698C6E15764}.Debug|iPhone.Build.0 = Debug|Any CPU
		{F9D57AE8-6380-4D38-9277-D698C6E15764}.Debug|iPhone.Deploy.0 = Debug|Any CPU
		{F9D57AE8-6380-4D38-9277-D698C6E15764}.Debug|iPhoneSimulator.ActiveCfg = Debug|Any CPU
		{F9D57AE8-6380-4D38-9277-D698C6E15764}.Debug|iPhoneSimulator.Build.0 = Debug|Any CPU
		{F9D57AE8-6380-4D38-9277-D698C6E15764}.Debug|iPhoneSimulator.Deploy.0 = Debug|Any CPU
		{F9D57AE8-6380-4D38-9277-D698C6E15764}.Release|Any CPU.ActiveCfg = Release|Any CPU
		{F9D57AE8-6380-4D38-9277-D698C6E15764}.Release|Any CPU.Build.0 = Release|Any CPU
		{F9D57AE8-6380-4D38-9277-D698C6E15764}.Release|Any CPU.Deploy.0 = Release|Any CPU
		{F9D57AE8-6380-4D38-9277-D698C6E15764}.Release|iPhone.ActiveCfg = Release|Any CPU
		{F9D57AE8-6380-4D38-9277-D698C6E15764}.Release|iPhone.Build.0 = Release|Any CPU
		{F9D57AE8-6380-4D38-9277-D698C6E15764}.Release|iPhone.Deploy.0 = Release|Any CPU
		{F9D57AE8-6380-4D38-9277-D698C6E15764}.Release|iPhoneSimulator.ActiveCfg = Release|Any CPU
		{F9D57AE8-6380-4D38-9277-D698C6E15764}.Release|iPhoneSimulator.Build.0 = Release|Any CPU
		{F9D57AE8-6380-4D38-9277-D698C6E15764}.Release|iPhoneSimulator.Deploy.0 = Release|Any CPU
		{9BAB60E6-1799-443F-9D71-DE1DFCD9308F}.Ad-Hoc|Any CPU.ActiveCfg = Ad-Hoc|iPhone
		{9BAB60E6-1799-443F-9D71-DE1DFCD9308F}.Ad-Hoc|Any CPU.Build.0 = Ad-Hoc|iPhone
		{9BAB60E6-1799-443F-9D71-DE1DFCD9308F}.Ad-Hoc|Any CPU.Deploy.0 = Ad-Hoc|iPhone
		{9BAB60E6-1799-443F-9D71-DE1DFCD9308F}.Ad-Hoc|iPhone.ActiveCfg = Ad-Hoc|iPhone
		{9BAB60E6-1799-443F-9D71-DE1DFCD9308F}.Ad-Hoc|iPhone.Build.0 = Ad-Hoc|iPhone
		{9BAB60E6-1799-443F-9D71-DE1DFCD9308F}.Ad-Hoc|iPhone.Deploy.0 = Ad-Hoc|iPhone
		{9BAB60E6-1799-443F-9D71-DE1DFCD9308F}.Ad-Hoc|iPhoneSimulator.ActiveCfg = Ad-Hoc|iPhoneSimulator
		{9BAB60E6-1799-443F-9D71-DE1DFCD9308F}.Ad-Hoc|iPhoneSimulator.Build.0 = Ad-Hoc|iPhoneSimulator
		{9BAB60E6-1799-443F-9D71-DE1DFCD9308F}.Ad-Hoc|iPhoneSimulator.Deploy.0 = Ad-Hoc|iPhoneSimulator
		{9BAB60E6-1799-443F-9D71-DE1DFCD9308F}.AppStore|Any CPU.ActiveCfg = AppStore|iPhone
		{9BAB60E6-1799-443F-9D71-DE1DFCD9308F}.AppStore|Any CPU.Build.0 = AppStore|iPhone
		{9BAB60E6-1799-443F-9D71-DE1DFCD9308F}.AppStore|Any CPU.Deploy.0 = AppStore|iPhone
		{9BAB60E6-1799-443F-9D71-DE1DFCD9308F}.AppStore|iPhone.ActiveCfg = AppStore|iPhone
		{9BAB60E6-1799-443F-9D71-DE1DFCD9308F}.AppStore|iPhone.Build.0 = AppStore|iPhone
		{9BAB60E6-1799-443F-9D71-DE1DFCD9308F}.AppStore|iPhone.Deploy.0 = AppStore|iPhone
		{9BAB60E6-1799-443F-9D71-DE1DFCD9308F}.AppStore|iPhoneSimulator.ActiveCfg = AppStore|iPhoneSimulator
		{9BAB60E6-1799-443F-9D71-DE1DFCD9308F}.AppStore|iPhoneSimulator.Build.0 = AppStore|iPhoneSimulator
		{9BAB60E6-1799-443F-9D71-DE1DFCD9308F}.AppStore|iPhoneSimulator.Deploy.0 = AppStore|iPhoneSimulator
		{9BAB60E6-1799-443F-9D71-DE1DFCD9308F}.Debug|Any CPU.ActiveCfg = Debug|iPhoneSimulator
		{9BAB60E6-1799-443F-9D71-DE1DFCD9308F}.Debug|Any CPU.Build.0 = Debug|iPhoneSimulator
		{9BAB60E6-1799-443F-9D71-DE1DFCD9308F}.Debug|Any CPU.Deploy.0 = Debug|iPhoneSimulator
		{9BAB60E6-1799-443F-9D71-DE1DFCD9308F}.Debug|iPhone.ActiveCfg = Debug|iPhone
		{9BAB60E6-1799-443F-9D71-DE1DFCD9308F}.Debug|iPhone.Build.0 = Debug|iPhone
		{9BAB60E6-1799-443F-9D71-DE1DFCD9308F}.Debug|iPhone.Deploy.0 = Debug|iPhone
		{9BAB60E6-1799-443F-9D71-DE1DFCD9308F}.Debug|iPhoneSimulator.ActiveCfg = Debug|iPhoneSimulator
		{9BAB60E6-1799-443F-9D71-DE1DFCD9308F}.Debug|iPhoneSimulator.Build.0 = Debug|iPhoneSimulator
		{9BAB60E6-1799-443F-9D71-DE1DFCD9308F}.Debug|iPhoneSimulator.Deploy.0 = Debug|iPhoneSimulator
		{9BAB60E6-1799-443F-9D71-DE1DFCD9308F}.Release|Any CPU.ActiveCfg = Release|iPhone
		{9BAB60E6-1799-443F-9D71-DE1DFCD9308F}.Release|Any CPU.Build.0 = Release|iPhone
		{9BAB60E6-1799-443F-9D71-DE1DFCD9308F}.Release|Any CPU.Deploy.0 = Release|iPhone
		{9BAB60E6-1799-443F-9D71-DE1DFCD9308F}.Release|iPhone.ActiveCfg = Release|iPhone
		{9BAB60E6-1799-443F-9D71-DE1DFCD9308F}.Release|iPhone.Build.0 = Release|iPhone
		{9BAB60E6-1799-443F-9D71-DE1DFCD9308F}.Release|iPhone.Deploy.0 = Release|iPhone
		{9BAB60E6-1799-443F-9D71-DE1DFCD9308F}.Release|iPhoneSimulator.ActiveCfg = Release|iPhoneSimulator
		{9BAB60E6-1799-443F-9D71-DE1DFCD9308F}.Release|iPhoneSimulator.Build.0 = Release|iPhoneSimulator
		{9BAB60E6-1799-443F-9D71-DE1DFCD9308F}.Release|iPhoneSimulator.Deploy.0 = Release|iPhoneSimulator
		{57870041-ACAB-4ADA-97EE-8909A94E8389}.Ad-Hoc|Any CPU.ActiveCfg = Debug|Any CPU
		{57870041-ACAB-4ADA-97EE-8909A94E8389}.Ad-Hoc|Any CPU.Build.0 = Debug|Any CPU
		{57870041-ACAB-4ADA-97EE-8909A94E8389}.Ad-Hoc|Any CPU.Deploy.0 = Debug|Any CPU
		{57870041-ACAB-4ADA-97EE-8909A94E8389}.Ad-Hoc|iPhone.ActiveCfg = Debug|Any CPU
		{57870041-ACAB-4ADA-97EE-8909A94E8389}.Ad-Hoc|iPhone.Build.0 = Debug|Any CPU
		{57870041-ACAB-4ADA-97EE-8909A94E8389}.Ad-Hoc|iPhone.Deploy.0 = Debug|Any CPU
		{57870041-ACAB-4ADA-97EE-8909A94E8389}.Ad-Hoc|iPhoneSimulator.ActiveCfg = Debug|Any CPU
		{57870041-ACAB-4ADA-97EE-8909A94E8389}.Ad-Hoc|iPhoneSimulator.Build.0 = Debug|Any CPU
		{57870041-ACAB-4ADA-97EE-8909A94E8389}.Ad-Hoc|iPhoneSimulator.Deploy.0 = Debug|Any CPU
		{57870041-ACAB-4ADA-97EE-8909A94E8389}.AppStore|Any CPU.ActiveCfg = Debug|Any CPU
		{57870041-ACAB-4ADA-97EE-8909A94E8389}.AppStore|Any CPU.Build.0 = Debug|Any CPU
		{57870041-ACAB-4ADA-97EE-8909A94E8389}.AppStore|Any CPU.Deploy.0 = Debug|Any CPU
		{57870041-ACAB-4ADA-97EE-8909A94E8389}.AppStore|iPhone.ActiveCfg = Debug|Any CPU
		{57870041-ACAB-4ADA-97EE-8909A94E8389}.AppStore|iPhone.Build.0 = Debug|Any CPU
		{57870041-ACAB-4ADA-97EE-8909A94E8389}.AppStore|iPhone.Deploy.0 = Debug|Any CPU
		{57870041-ACAB-4ADA-97EE-8909A94E8389}.AppStore|iPhoneSimulator.ActiveCfg = Debug|Any CPU
		{57870041-ACAB-4ADA-97EE-8909A94E8389}.AppStore|iPhoneSimulator.Build.0 = Debug|Any CPU
		{57870041-ACAB-4ADA-97EE-8909A94E8389}.AppStore|iPhoneSimulator.Deploy.0 = Debug|Any CPU
		{57870041-ACAB-4ADA-97EE-8909A94E8389}.Debug|Any CPU.ActiveCfg = Debug|Any CPU
		{57870041-ACAB-4ADA-97EE-8909A94E8389}.Debug|Any CPU.Build.0 = Debug|Any CPU
		{57870041-ACAB-4ADA-97EE-8909A94E8389}.Debug|Any CPU.Deploy.0 = Debug|Any CPU
		{57870041-ACAB-4ADA-97EE-8909A94E8389}.Debug|iPhone.ActiveCfg = Debug|Any CPU
		{57870041-ACAB-4ADA-97EE-8909A94E8389}.Debug|iPhone.Build.0 = Debug|Any CPU
		{57870041-ACAB-4ADA-97EE-8909A94E8389}.Debug|iPhone.Deploy.0 = Debug|Any CPU
		{57870041-ACAB-4ADA-97EE-8909A94E8389}.Debug|iPhoneSimulator.ActiveCfg = Debug|Any CPU
		{57870041-ACAB-4ADA-97EE-8909A94E8389}.Debug|iPhoneSimulator.Build.0 = Debug|Any CPU
		{57870041-ACAB-4ADA-97EE-8909A94E8389}.Debug|iPhoneSimulator.Deploy.0 = Debug|Any CPU
		{57870041-ACAB-4ADA-97EE-8909A94E8389}.Release|Any CPU.ActiveCfg = Release|Any CPU
		{57870041-ACAB-4ADA-97EE-8909A94E8389}.Release|Any CPU.Build.0 = Release|Any CPU
		{57870041-ACAB-4ADA-97EE-8909A94E8389}.Release|Any CPU.Deploy.0 = Release|Any CPU
		{57870041-ACAB-4ADA-97EE-8909A94E8389}.Release|iPhone.ActiveCfg = Release|Any CPU
		{57870041-ACAB-4ADA-97EE-8909A94E8389}.Release|iPhone.Build.0 = Release|Any CPU
		{57870041-ACAB-4ADA-97EE-8909A94E8389}.Release|iPhone.Deploy.0 = Release|Any CPU
		{57870041-ACAB-4ADA-97EE-8909A94E8389}.Release|iPhoneSimulator.ActiveCfg = Release|Any CPU
		{57870041-ACAB-4ADA-97EE-8909A94E8389}.Release|iPhoneSimulator.Build.0 = Release|Any CPU
		{57870041-ACAB-4ADA-97EE-8909A94E8389}.Release|iPhoneSimulator.Deploy.0 = Release|Any CPU
	EndGlobalSection
	GlobalSection(SolutionProperties) = preSolution
		HideSolutionNode = FALSE
	EndGlobalSection
	GlobalSection(ExtensibilityGlobals) = postSolution
		SolutionGuid = {4F3695A7-89DA-4F59-AC7E-1FA3AB11F164}
	EndGlobalSection
EndGlobal
